{
  "_meta": {
    "hash": {
      "sha256": "eac270b093b9af3378aa9cdd7655775676e6a0a91e895796380f467a073ee742"
    },
    "pipfile-spec": 6,
    "requires": {
      "python_version": "3.10"
    },
    "sources": [
      {
        "name": "pypi",
        "url": "https://pypi.org/simple",
        "verify_ssl": true
      }
    ]
  },
  "default": {},
  "develop": {
    "bottle": {
      "hashes": [
        "sha256:a9d73ffcbc6a1345ca2d7949638db46349f5b2b77dac65d6494d45c23628da2c",
        "sha256:f6b8a34fe9aa406f9813c02990db72ca69ce6a158b5b156d2c41f345016a723d"
      ],
      "version": "==0.12.19"
    },
    "certifi": {
      "hashes": [
        "sha256:78884e7c1d4b00ce3cea67b44566851c4343c120abd683433ce934a68ea58872",
        "sha256:d62a0163eb4c2344ac042ab2bdf75399a71a2d8c7d47eac2e2ee91b9d6339569"
      ],
      "version": "==2021.10.8"
    },
    "cfgv": {
      "hashes": [
        "sha256:c6a0883f3917a037485059700b9e75da2464e6c27051014ad85ba6aaa5884426",
        "sha256:f5a830efb9ce7a445376bb66ec94c638a9787422f96264c98edc6bdeed8ab736"
      ],
      "markers": "python_full_version >= '3.6.1'",
      "version": "==3.3.1"
    },
    "charset-normalizer": {
      "hashes": [
        "sha256:2857e29ff0d34db842cd7ca3230549d1a697f96ee6d3fb071cfa6c7393832597",
        "sha256:6881edbebdb17b39b4eaaa821b438bf6eddffb4468cf344f09f89def34a8b1df"
      ],
      "markers": "python_version >= '3'",
      "version": "==2.0.12"
    },
    "clang-format": {
      "hashes": [
        "sha256:1302ef7522eb9dc1daf270cd5a4a1f10814403e50d74be9b96f87dcb200f47f7",
        "sha256:58e91debc2b2d14d174c73c678ffac676cb171152ee3f4239b6cbe6975e4ede1",
        "sha256:7b80a328107bf3d11bf2db7d227feac46458aed07f836430d8dc2155dcc5cdce",
        "sha256:826d487b1cf0190e0c3a5e064b56e2f6e7c4c799c78e59ff6d8991df916f2222",
        "sha256:88c832f055ee1d4b026a819c9d457374d92abe067d8f87078b9f229e6564ac1f",
        "sha256:a6e0ea97648ca916454f9719537d16a4ec5557d8644e544a001aaa42ba9b653f",
        "sha256:a8fab9bb9b96be6024a2d6e686894cb5725001399ef04a51383cda551e354c3a",
        "sha256:deb131bee8716aead66f0bbf64126cb9e18499d18ea75801dda86ff842320142",
        "sha256:f345b61c56d76325b158dbad560c35bdd8e77184f0fb60aba4f8019f744b70f8"
      ],
      "index": "pypi",
      "version": "==13.0.1"
    },
    "cmake": {
      "hashes": [
        "sha256:1d6096da730d2d0c8352926b647d0d340fc2ea3a6497dd13cff1c999d68d9d7b",
        "sha256:3adc8532f5029931e82c9ae6a07b5d866b216b422cedc72074155c80db6e27d7",
        "sha256:452e53346d52241fbebdb9487e88786221c92d4abfa59fb002dc928ada69399c",
        "sha256:45e89f6ff37283ecff912c7fe65dc4bc6dfe2fb78b7747b95272dd7423a3847f",
        "sha256:6e1d1991775915dac047af851f2feec7eb35ab4b4610d3e7fd94d93bce8faf58",
        "sha256:86c68b283223375ff942bce5b9f2b286fa5ac94b02f848e52fcec2369a407b22",
        "sha256:8d32168fb3153313408befc7b8b5593130bad7d5fe0b8df764bb723b8c710bfc",
        "sha256:9ff1a89c264a6645d5d222f73efe83ea47abc96d77ae96e3e4eb4580f6f396fc",
        "sha256:c46f0573b0455a234c397fff2f3679e18925eb3da32069cc41f1aab7cd968260",
        "sha256:c776ad422f7ce3866497f132af4ba7240cb81d554ee5eb801fd5e2d8c7cd67d6",
        "sha256:d387e4062541094d302c80b3beed08cfa4f2ef98454d04f34fd1071c595152d8",
        "sha256:d3be0f5256bfe76c81d2db30216c937a7f7cefd251fb63c1cb30c5e0a896bbad",
        "sha256:d73961a801ea9e2fdda9afa3b9fc84539e368ecec30de1ef54045abfabce4ece",
        "sha256:d8db320fb36560fcf2ca66481009bc1d1f8ed45fd756ce91e4dee97026a0e3a4",
        "sha256:e615d29c2c26faf7e3876c47bafbab0eefe29683e01bec3a14736e9694bdff73",
        "sha256:fb5fbcb8b45c9f9823a1bffffe8eab673e463b8d36b258856035725e04baf446"
      ],
      "index": "pypi",
      "version": "==3.22.3"
    },
    "cmakelang": {
      "hashes": [
        "sha256:03982e87b00654d024d73ef972d9d9bb0e5726cdb6b8a424a15661fb6278e67f",
        "sha256:764b9467195c7c36453d60a829f30229720d26c7dffd41cb516b99bd9c7daf4e"
      ],
      "index": "pypi",
      "version": "==0.6.13"
    },
    "colorama": {
      "hashes": [
        "sha256:5941b2b48a20143d2267e95b1c2a7603ce057ee39fd88e7329b0c292aa16869b",
        "sha256:9f47eda37229f68eee03b24b9748937c7dc3868f906e8ba69fbcbdd3bc5dc3e2"
      ],
      "markers": "python_version >= '2.7' and python_version not in '3.0, 3.1, 3.2, 3.3, 3.4'",
      "version": "==0.4.4"
    },
    "conan": {
      "hashes": [
        "sha256:4d8cabce5e2011c09f9350308a81ddd33f63d44c4187a59995a09e7bf9f79ca3"
      ],
      "index": "pypi",
      "version": "==1.46.0"
    },
    "distlib": {
      "hashes": [
        "sha256:6564fe0a8f51e734df6333d08b8b94d4ea8ee6b99b5ed50613f731fd4089f34b",
        "sha256:e4b58818180336dc9c529bfb9a0b58728ffc09ad92027a3f30b7cd91e3458579"
      ],
      "version": "==0.3.4"
    },
    "distro": {
      "hashes": [
        "sha256:83f5e5a09f9c5f68f60173de572930effbcc0287bb84fdc4426cb4168c088424",
        "sha256:c8713330ab31a034623a9515663ed87696700b55f04556b97c39cd261aa70dc7"
      ],
      "markers": "sys_platform == 'linux' or sys_platform == 'linux2'",
      "version": "==1.6.0"
    },
    "fasteners": {
      "hashes": [
        "sha256:a9a42a208573d4074c77d041447336cf4e3c1389a256fd3e113ef59cf29b7980",
        "sha256:cae0772df265923e71435cc5057840138f4e8b6302f888a567d06ed8e1cbca03"
      ],
      "markers": "python_version >= '3.6'",
      "version": "==0.17.3"
    },
    "filelock": {
      "hashes": [
        "sha256:9cd540a9352e432c7246a48fe4e8712b10acb1df2ad1f30e8c070b82ae1fed85",
        "sha256:f8314284bfffbdcfa0ff3d7992b023d4c628ced6feb957351d4c48d059f56bc0"
      ],
      "markers": "python_version >= '3.7'",
      "version": "==3.6.0"
    },
    "identify": {
      "hashes": [
        "sha256:2986942d3974c8f2e5019a190523b0b0e2a07cb8e89bf236727fb4b26f27f8fd",
        "sha256:fd906823ed1db23c7a48f9b176a1d71cb8abede1e21ebe614bac7bdd688d9213"
      ],
      "markers": "python_version >= '3.7'",
      "version": "==2.4.11"
    },
    "idna": {
      "hashes": [
        "sha256:84d9dd047ffa80596e0f246e2eab0b391788b0503584e8945f2368256d2735ff",
        "sha256:9d643ff0a55b762d5cdb124b8eaa99c66322e2157b69160bc32796e824360e6d"
      ],
      "markers": "python_version >= '3'",
      "version": "==3.3"
    },
    "jinja2": {
      "hashes": [
        "sha256:077ce6014f7b40d03b47d1f1ca4b0fc8328a692bd284016f806ed0eaca390ad8",
        "sha256:611bb273cd68f3b993fabdc4064fc858c5b47a973cb5aa7999ec1ba405c87cd7"
      ],
      "markers": "python_version >= '3.6'",
      "version": "==3.0.3"
    },
    "markupsafe": {
      "hashes": [
        "sha256:023af8c54fe63530545f70dd2a2a7eed18d07a9a77b94e8bf1e2ff7f252db9a3",
        "sha256:09c86c9643cceb1d87ca08cdc30160d1b7ab49a8a21564868921959bd16441b8",
        "sha256:142119fb14a1ef6d758912b25c4e803c3ff66920635c44078666fe7cc3f8f759",
        "sha256:1d1fb9b2eec3c9714dd936860850300b51dbaa37404209c8d4cb66547884b7ed",
        "sha256:204730fd5fe2fe3b1e9ccadb2bd18ba8712b111dcabce185af0b3b5285a7c989",
        "sha256:24c3be29abb6b34052fd26fc7a8e0a49b1ee9d282e3665e8ad09a0a68faee5b3",
        "sha256:290b02bab3c9e216da57c1d11d2ba73a9f73a614bbdcc027d299a60cdfabb11a",
        "sha256:3028252424c72b2602a323f70fbf50aa80a5d3aa616ea6add4ba21ae9cc9da4c",
        "sha256:30c653fde75a6e5eb814d2a0a89378f83d1d3f502ab710904ee585c38888816c",
        "sha256:3cace1837bc84e63b3fd2dfce37f08f8c18aeb81ef5cf6bb9b51f625cb4e6cd8",
        "sha256:4056f752015dfa9828dce3140dbadd543b555afb3252507348c493def166d454",
        "sha256:454ffc1cbb75227d15667c09f164a0099159da0c1f3d2636aa648f12675491ad",
        "sha256:598b65d74615c021423bd45c2bc5e9b59539c875a9bdb7e5f2a6b92dfcfc268d",
        "sha256:599941da468f2cf22bf90a84f6e2a65524e87be2fce844f96f2dd9a6c9d1e635",
        "sha256:5ddea4c352a488b5e1069069f2f501006b1a4362cb906bee9a193ef1245a7a61",
        "sha256:62c0285e91414f5c8f621a17b69fc0088394ccdaa961ef469e833dbff64bd5ea",
        "sha256:679cbb78914ab212c49c67ba2c7396dc599a8479de51b9a87b174700abd9ea49",
        "sha256:6e104c0c2b4cd765b4e83909cde7ec61a1e313f8a75775897db321450e928cce",
        "sha256:736895a020e31b428b3382a7887bfea96102c529530299f426bf2e636aacec9e",
        "sha256:75bb36f134883fdbe13d8e63b8675f5f12b80bb6627f7714c7d6c5becf22719f",
        "sha256:7d2f5d97fcbd004c03df8d8fe2b973fe2b14e7bfeb2cfa012eaa8759ce9a762f",
        "sha256:80beaf63ddfbc64a0452b841d8036ca0611e049650e20afcb882f5d3c266d65f",
        "sha256:84ad5e29bf8bab3ad70fd707d3c05524862bddc54dc040982b0dbcff36481de7",
        "sha256:8da5924cb1f9064589767b0f3fc39d03e3d0fb5aa29e0cb21d43106519bd624a",
        "sha256:961eb86e5be7d0973789f30ebcf6caab60b844203f4396ece27310295a6082c7",
        "sha256:96de1932237abe0a13ba68b63e94113678c379dca45afa040a17b6e1ad7ed076",
        "sha256:a0a0abef2ca47b33fb615b491ce31b055ef2430de52c5b3fb19a4042dbc5cadb",
        "sha256:b2a5a856019d2833c56a3dcac1b80fe795c95f401818ea963594b345929dffa7",
        "sha256:b8811d48078d1cf2a6863dafb896e68406c5f513048451cd2ded0473133473c7",
        "sha256:c532d5ab79be0199fa2658e24a02fce8542df196e60665dd322409a03db6a52c",
        "sha256:d3b64c65328cb4cd252c94f83e66e3d7acf8891e60ebf588d7b493a55a1dbf26",
        "sha256:d4e702eea4a2903441f2735799d217f4ac1b55f7d8ad96ab7d4e25417cb0827c",
        "sha256:d5653619b3eb5cbd35bfba3c12d575db2a74d15e0e1c08bf1db788069d410ce8",
        "sha256:d66624f04de4af8bbf1c7f21cc06649c1c69a7f84109179add573ce35e46d448",
        "sha256:e67ec74fada3841b8c5f4c4f197bea916025cb9aa3fe5abf7d52b655d042f956",
        "sha256:e6f7f3f41faffaea6596da86ecc2389672fa949bd035251eab26dc6697451d05",
        "sha256:f02cf7221d5cd915d7fa58ab64f7ee6dd0f6cddbb48683debf5d04ae9b1c2cc1",
        "sha256:f0eddfcabd6936558ec020130f932d479930581171368fd728efcfb6ef0dd357",
        "sha256:fabbe18087c3d33c5824cb145ffca52eccd053061df1d79d4b66dafa5ad2a5ea",
        "sha256:fc3150f85e2dbcf99e65238c842d1cfe69d3e7649b19864c1cc043213d9cd730"
      ],
      "markers": "python_version >= '3.7'",
      "version": "==2.1.0"
    },
    "ninja": {
      "hashes": [
        "sha256:0560eea57199e41e86ac2c1af0108b63ae77c3ca4d05a9425a750e908135935a",
        "sha256:21a1d84d4c7df5881bfd86c25cce4cf7af44ba2b8b255c57bc1c434ec30a2dfc",
        "sha256:279836285975e3519392c93c26e75755e8a8a7fafec9f4ecbb0293119ee0f9c6",
        "sha256:29570a18d697fc84d361e7e6330f0021f34603ae0fcb0ef67ae781e9814aae8d",
        "sha256:5ea785bf6a15727040835256577239fa3cf5da0d60e618c307aa5efc31a1f0ce",
        "sha256:688167841b088b6802e006f911d911ffa925e078c73e8ef2f88286107d3204f8",
        "sha256:6bd76a025f26b9ae507cf8b2b01bb25bb0031df54ed685d85fc559c411c86cf4",
        "sha256:740d61fefb4ca13573704ee8fe89b973d40b8dc2a51aaa4e9e68367233743bb6",
        "sha256:840a0b042d43a8552c4004966e18271ec726e5996578f28345d9ce78e225b67e",
        "sha256:84be6f9ec49f635dc40d4b871319a49fa49b8d55f1d9eae7cd50d8e57ddf7a85",
        "sha256:9ca8dbece144366d5f575ffc657af03eb11c58251268405bc8519d11cf42f113",
        "sha256:cc8b31b5509a2129e4d12a35fc21238c157038022560aaf22e49ef0a77039086",
        "sha256:d5e0275d28997a750a4f445c00bdd357b35cc334c13cdff13edf30e544704fbd",
        "sha256:e1b86ad50d4e681a7dbdff05fc23bb52cb773edb90bc428efba33fa027738408"
      ],
      "index": "pypi",
      "version": "==1.10.2.3"
    },
    "node-semver": {
      "hashes": [
        "sha256:4016f7c1071b0493f18db69ea02d3763e98a633606d7c7beca811e53b5ac66b7",
        "sha256:d4bf83873894591a0cbb6591910d96917fbadc9731e8e39e782d3a2fbc2b841e"
      ],
      "version": "==0.6.1"
    },
    "nodeenv": {
      "hashes": [
        "sha256:3ef13ff90291ba2a4a7a4ff9a979b63ffdd00a464dbe04acf0ea6471517a4c2b",
        "sha256:621e6b7076565ddcacd2db0294c0381e01fd28945ab36bcf00f41c5daf63bef7"
      ],
      "version": "==1.6.0"
    },
    "patch-ng": {
      "hashes": [
        "sha256:627abc5bd723c8b481e96849b9734b10065426224d4d22cd44137004ac0d4ace"
      ],
      "version": "==1.17.4"
    },
    "platformdirs": {
      "hashes": [
        "sha256:7535e70dfa32e84d4b34996ea99c5e432fa29a708d0f4e394bbcb2a8faa4f16d",
        "sha256:bcae7cab893c2d310a711b70b24efb93334febe65f8de776ee320b517471e227"
      ],
      "markers": "python_version >= '3.7'",
      "version": "==2.5.1"
    },
    "pluginbase": {
      "hashes": [
        "sha256:ff6c33a98fce232e9c73841d787a643de574937069f0d18147028d70d7dee287"
      ],
      "version": "==1.0.1"
    },
    "pre-commit": {
      "hashes": [
        "sha256:725fa7459782d7bec5ead072810e47351de01709be838c2ce1726b9591dad616",
        "sha256:c1a8040ff15ad3d648c70cc3e55b93e4d2d5b687320955505587fd79bbaed06a"
      ],
      "index": "pypi",
      "version": "==2.17.0"
    },
    "pygments": {
      "hashes": [
        "sha256:44238f1b60a76d78fc8ca0528ee429702aae011c265fe6a8dd8b63049ae41c65",
        "sha256:4e426f72023d88d03b2fa258de560726ce890ff3b630f88c21cbb8b2503b8c6a"
      ],
      "markers": "python_version >= '3.5'",
      "version": "==2.11.2"
    },
    "pyjwt": {
      "hashes": [
        "sha256:5c6eca3c2940464d106b99ba83b00c6add741c9becaec087fb7ccdefea71350e",
        "sha256:8d59a976fb773f3e6a39c85636357c4f0e242707394cadadd9814f5cbaa20e96"
      ],
      "version": "==1.7.1"
    },
    "python-dateutil": {
      "hashes": [
        "sha256:0123cacc1627ae19ddf3c27a5de5bd67ee4586fbdd6440d9748f8abb483d3e86",
        "sha256:961d03dc3453ebbc59dbdea9e4e11c5651520a876d0f4db161e8674aae935da9"
      ],
      "markers": "python_version >= '2.7' and python_version not in '3.0, 3.1, 3.2, 3.3'",
      "version": "==2.8.2"
    },
    "pyyaml": {
      "hashes": [
        "sha256:08682f6b72c722394747bddaf0aa62277e02557c0fd1c42cb853016a38f8dedf",
        "sha256:0f5f5786c0e09baddcd8b4b45f20a7b5d61a7e7e99846e3c799b05c7c53fa696",
        "sha256:129def1b7c1bf22faffd67b8f3724645203b79d8f4cc81f674654d9902cb4393",
        "sha256:294db365efa064d00b8d1ef65d8ea2c3426ac366c0c4368d930bf1c5fb497f77",
        "sha256:3b2b1824fe7112845700f815ff6a489360226a5609b96ec2190a45e62a9fc922",
        "sha256:3bd0e463264cf257d1ffd2e40223b197271046d09dadf73a0fe82b9c1fc385a5",
        "sha256:4465124ef1b18d9ace298060f4eccc64b0850899ac4ac53294547536533800c8",
        "sha256:49d4cdd9065b9b6e206d0595fee27a96b5dd22618e7520c33204a4a3239d5b10",
        "sha256:4e0583d24c881e14342eaf4ec5fbc97f934b999a6828693a99157fde912540cc",
        "sha256:5accb17103e43963b80e6f837831f38d314a0495500067cb25afab2e8d7a4018",
        "sha256:607774cbba28732bfa802b54baa7484215f530991055bb562efbed5b2f20a45e",
        "sha256:6c78645d400265a062508ae399b60b8c167bf003db364ecb26dcab2bda048253",
        "sha256:72a01f726a9c7851ca9bfad6fd09ca4e090a023c00945ea05ba1638c09dc3347",
        "sha256:74c1485f7707cf707a7aef42ef6322b8f97921bd89be2ab6317fd782c2d53183",
        "sha256:895f61ef02e8fed38159bb70f7e100e00f471eae2bc838cd0f4ebb21e28f8541",
        "sha256:8c1be557ee92a20f184922c7b6424e8ab6691788e6d86137c5d93c1a6ec1b8fb",
        "sha256:bb4191dfc9306777bc594117aee052446b3fa88737cd13b7188d0e7aa8162185",
        "sha256:bfb51918d4ff3d77c1c856a9699f8492c612cde32fd3bcd344af9be34999bfdc",
        "sha256:c20cfa2d49991c8b4147af39859b167664f2ad4561704ee74c1de03318e898db",
        "sha256:cb333c16912324fd5f769fff6bc5de372e9e7a202247b48870bc251ed40239aa",
        "sha256:d2d9808ea7b4af864f35ea216be506ecec180628aced0704e34aca0b040ffe46",
        "sha256:d483ad4e639292c90170eb6f7783ad19490e7a8defb3e46f97dfe4bacae89122",
        "sha256:dd5de0646207f053eb0d6c74ae45ba98c3395a571a2891858e87df7c9b9bd51b",
        "sha256:e1d4970ea66be07ae37a3c2e48b5ec63f7ba6804bdddfdbd3cfd954d25a82e63",
        "sha256:e4fac90784481d221a8e4b1162afa7c47ed953be40d31ab4629ae917510051df",
        "sha256:fa5ae20527d8e831e8230cbffd9f8fe952815b2b7dae6ffec25318803a7528fc",
        "sha256:fd7f6999a8070df521b6384004ef42833b9bd62cfee11a09bda1079b4b704247",
        "sha256:fdc842473cd33f45ff6bce46aea678a54e3d21f1b61a7750ce3c498eedfe25d6",
        "sha256:fe69978f3f768926cfa37b867e3843918e012cf83f680806599ddce33c2c68b0"
      ],
      "markers": "python_version >= '2.7' and python_version not in '3.0, 3.1, 3.2, 3.3, 3.4, 3.5'",
      "version": "==5.4.1"
    },
    "requests": {
      "hashes": [
        "sha256:68d7c56fd5a8999887728ef304a6d12edc7be74f1cfa47714fc8b414525c9a61",
        "sha256:f22fa1e554c9ddfd16e6e41ac79759e17be9e492b3587efa038054674760e72d"
      ],
      "markers": "python_version >= '2.7' and python_version not in '3.0, 3.1, 3.2, 3.3, 3.4, 3.5'",
      "version": "==2.27.1"
    },
    "six": {
      "hashes": [
        "sha256:1e61c37477a1626458e36f7b1d82aa5c9b094fa4802892072e49de9c60c4c926",
        "sha256:8abb2f1d86890a2dfb989f9a77cfcfd3e47c2a354b01111771326f8aa26e0254"
      ],
      "markers": "python_version >= '2.7' and python_version not in '3.0, 3.1, 3.2, 3.3'",
      "version": "==1.16.0"
    },
    "toml": {
      "hashes": [
        "sha256:806143ae5bfb6a3c6e736a764057db0e6a0e05e338b5630894a5f779cabb4f9b",
        "sha256:b3bda1d108d5dd99f4a20d24d9c348e91c4db7ab1b749200bded2f839ccbe68f"
      ],
      "markers": "python_version >= '2.6' and python_version not in '3.0, 3.1, 3.2, 3.3'",
      "version": "==0.10.2"
    },
    "tqdm": {
      "hashes": [
        "sha256:1d9835ede8e394bb8c9dcbffbca02d717217113adc679236873eeaac5bc0b3cd",
        "sha256:e643e071046f17139dea55b880dc9b33822ce21613b4a4f5ea57f202833dbc29"
      ],
      "markers": "python_version >= '2.7' and python_version not in '3.0, 3.1, 3.2, 3.3'",
      "version": "==4.63.0"
    },
    "urllib3": {
      "hashes": [
        "sha256:000ca7f471a233c2251c6c7023ee85305721bfdf18621ebff4fd17a8653427ed",
        "sha256:0e7c33d9a63e7ddfcb86780aac87befc2fbddf46c58dbb487e0855f7ceec283c"
      ],
      "markers": "python_version >= '2.7' and python_version not in '3.0, 3.1, 3.2, 3.3, 3.4' and python_version < '4'",
      "version": "==1.26.8"
    },
    "virtualenv": {
      "hashes": [
        "sha256:dd448d1ded9f14d1a4bfa6bfc0c5b96ae3be3f2d6c6c159b23ddcfd701baa021",
        "sha256:e9dd1a1359d70137559034c0f5433b34caf504af2dc756367be86a5a32967134"
      ],
      "markers": "python_version >= '2.7' and python_version not in '3.0, 3.1, 3.2, 3.3, 3.4'",
      "version": "==20.13.3"
    }
  }
}
