{
  "_meta": {
    "hash": {
      "sha256": "ed61b9da5e3c2e43f5f30d8f3bd0557e26ed04912140c1b0eee3a1e0bb2d1fd4"
    },
    "pipfile-spec": 6,
    "requires": {
      "python_version": "3.10"
    },
    "sources": [
      {
        "name": "pypi",
        "url": "https://pypi.org/simple",
        "verify_ssl": true
      }
    ]
  },
  "default": {},
  "develop": {
    "bottle": {
      "hashes": [
        "sha256:a9d73ffcbc6a1345ca2d7949638db46349f5b2b77dac65d6494d45c23628da2c",
        "sha256:f6b8a34fe9aa406f9813c02990db72ca69ce6a158b5b156d2c41f345016a723d"
      ],
      "version": "==0.12.19"
    },
    "certifi": {
      "hashes": [
        "sha256:78884e7c1d4b00ce3cea67b44566851c4343c120abd683433ce934a68ea58872",
        "sha256:d62a0163eb4c2344ac042ab2bdf75399a71a2d8c7d47eac2e2ee91b9d6339569"
      ],
      "version": "==2021.10.8"
    },
    "cfgv": {
      "hashes": [
        "sha256:c6a0883f3917a037485059700b9e75da2464e6c27051014ad85ba6aaa5884426",
        "sha256:f5a830efb9ce7a445376bb66ec94c638a9787422f96264c98edc6bdeed8ab736"
      ],
      "markers": "python_full_version >= '3.6.1'",
      "version": "==3.3.1"
    },
    "charset-normalizer": {
      "hashes": [
        "sha256:2857e29ff0d34db842cd7ca3230549d1a697f96ee6d3fb071cfa6c7393832597",
        "sha256:6881edbebdb17b39b4eaaa821b438bf6eddffb4468cf344f09f89def34a8b1df"
      ],
      "markers": "python_version >= '3'",
      "version": "==2.0.12"
    },
    "clang-format": {
      "hashes": [
        "sha256:09e12ca1c6abd5f679febdcf861ac999d5dc88d13e8bbb0007796fd120536a4e",
        "sha256:0dd7a3262491609d53b60c00255acd276cb47ae4b9d16bbd12d8ae56e0a0fcbc",
        "sha256:2e7dc9b2016b68e475b52c08290fb8767210017af7ca2e918702ace1e2f9c7ea",
        "sha256:5141ee7336e45e32db2f7f3b4a761f1a32bbcad6de65189f75951b884a0cb051",
        "sha256:6f0bb21450f853e10032f8b14f2a44ca1ac29cd5bf160fcd847931b843330256",
        "sha256:9966930f6951c3ce64e24a8abae1c130df07feb6da2d132de62e1e3077bcbc54",
        "sha256:9ed34d6e7106fd9c26612c3510af6bc92013424b103773782880390477aba63d",
        "sha256:a47dc24f79ed853429405946f899c05776d136b1b3fa71170d763f5a6b4374e5",
        "sha256:b61c296f0aa8890185ce7bbb123e992ae9b1a12d5b3709af33aff07632d635bb"
      ],
      "index": "pypi",
      "version": "==14.0.1"
    },
    "cmake": {
      "hashes": [
        "sha256:030cdf01bb9277cc7075a2e844a4de3b1247acff78606313eef60fb704feb547",
        "sha256:052d602432e02cd98221e1f59615132414d5df6567a3bb2296249f9efe2c38eb",
        "sha256:0c174195f3610e67566e73f2eef509fdd602782c00cf0d487f74b72f979bbace",
        "sha256:3a49e791f5416efd43bd99b4ac2199c4cd10908f168d565e421262ef0091bc14",
        "sha256:3d99a80942312ddcca5354e610b6e872af76ad4967b4b99cde72f5cf5e82d654",
        "sha256:4671e4c4a13de22af1f7685e2d563c4bc820cf1448da5480afe81c4ded092dfa",
        "sha256:630d93bb89fc3ac23b6e3054080480c2aa5fefa79d32327d771232bcae5f771e",
        "sha256:876d155edda48ce06e48ba46f17341f16eaa939cf02a42d572ff8d4e4e27aaea",
        "sha256:a2ba0df7094407f413772746f4e4e1d2f2697b20af8e196e069af586d980bd7c",
        "sha256:b2ef192d8b62660cc0e64e23f0fb359be1f47df6a1365e6e9d27cad9da003391",
        "sha256:c0b16af7eab88f1383f44eaf7893384fa119fc5288f3b3cf228cbdc0e50fcda0",
        "sha256:d408349597bf3b9f3ad0364aaed8c55f50dfa011b396d299a7cabf3c799510af",
        "sha256:e003cbf6538d40173599f6d9a9a6e15a5708c3558587fa75f8f3a9450e996204",
        "sha256:e3dcd9387ab4c64cdecbe0352c45ebbb345c25f1804f53353b935767eb889c9b",
        "sha256:e9c3fd4766875e4cdd8e456b9453fe0dd24a1f3e10a52121a065b9971f47fff2",
        "sha256:efcce5ea10739e6b7251d9357ded7aa3b3705ab667978cd0cbddecb22fa54fca"
      ],
      "index": "pypi",
      "version": "==3.22.4"
    },
    "cmakelang": {
      "hashes": [
        "sha256:03982e87b00654d024d73ef972d9d9bb0e5726cdb6b8a424a15661fb6278e67f",
        "sha256:764b9467195c7c36453d60a829f30229720d26c7dffd41cb516b99bd9c7daf4e"
      ],
      "index": "pypi",
      "version": "==0.6.13"
    },
    "colorama": {
      "hashes": [
        "sha256:5941b2b48a20143d2267e95b1c2a7603ce057ee39fd88e7329b0c292aa16869b",
        "sha256:9f47eda37229f68eee03b24b9748937c7dc3868f906e8ba69fbcbdd3bc5dc3e2"
      ],
      "markers": "python_version >= '2.7' and python_version not in '3.0, 3.1, 3.2, 3.3, 3.4'",
      "version": "==0.4.4"
    },
    "conan": {
      "hashes": [
        "sha256:c0f066be1871ae23a9dbe7465929ae38f221531b7025f85cdd56d4790c1816be"
      ],
      "index": "pypi",
      "version": "==1.47.0"
    },
    "distlib": {
      "hashes": [
        "sha256:6564fe0a8f51e734df6333d08b8b94d4ea8ee6b99b5ed50613f731fd4089f34b",
        "sha256:e4b58818180336dc9c529bfb9a0b58728ffc09ad92027a3f30b7cd91e3458579"
      ],
      "version": "==0.3.4"
    },
    "distro": {
      "hashes": [
        "sha256:83f5e5a09f9c5f68f60173de572930effbcc0287bb84fdc4426cb4168c088424",
        "sha256:c8713330ab31a034623a9515663ed87696700b55f04556b97c39cd261aa70dc7"
      ],
      "markers": "sys_platform == 'linux' or sys_platform == 'linux2'",
      "version": "==1.6.0"
    },
    "fasteners": {
      "hashes": [
        "sha256:a9a42a208573d4074c77d041447336cf4e3c1389a256fd3e113ef59cf29b7980",
        "sha256:cae0772df265923e71435cc5057840138f4e8b6302f888a567d06ed8e1cbca03"
      ],
      "markers": "python_version >= '3.6'",
      "version": "==0.17.3"
    },
    "filelock": {
      "hashes": [
        "sha256:9cd540a9352e432c7246a48fe4e8712b10acb1df2ad1f30e8c070b82ae1fed85",
        "sha256:f8314284bfffbdcfa0ff3d7992b023d4c628ced6feb957351d4c48d059f56bc0"
      ],
      "markers": "python_version >= '3.7'",
      "version": "==3.6.0"
    },
    "gcovr": {
      "hashes": [
        "sha256:7780844359bff0b96c04147dafff25e6e585e05585bd542369bbc377d69de121",
        "sha256:8bff85699d6a41057831bc3c201d9801d174da2800f8c403b0e6e831fe7936f3"
      ],
      "index": "pypi",
      "version": "==5.1"
    },
    "identify": {
      "hashes": [
        "sha256:3f3244a559290e7d3deb9e9adc7b33594c1bc85a9dd82e0f1be519bf12a1ec17",
        "sha256:5f06b14366bd1facb88b00540a1de05b69b310cbc2654db3c7e07fa3a4339323"
      ],
      "markers": "python_version >= '3.7'",
      "version": "==2.4.12"
    },
    "idna": {
      "hashes": [
        "sha256:84d9dd047ffa80596e0f246e2eab0b391788b0503584e8945f2368256d2735ff",
        "sha256:9d643ff0a55b762d5cdb124b8eaa99c66322e2157b69160bc32796e824360e6d"
      ],
      "markers": "python_version >= '3'",
      "version": "==3.3"
    },
    "jinja2": {
      "hashes": [
        "sha256:539835f51a74a69f41b848a9645dbdc35b4f20a3b601e2d9a7e22947b15ff119",
        "sha256:640bed4bb501cbd17194b3cace1dc2126f5b619cf068a726b98192a0fde74ae9"
      ],
      "markers": "python_version >= '3.7'",
      "version": "==3.1.1"
    },
    "lxml": {
      "hashes": [
        "sha256:078306d19a33920004addeb5f4630781aaeabb6a8d01398045fcde085091a169",
        "sha256:0c1978ff1fd81ed9dcbba4f91cf09faf1f8082c9d72eb122e92294716c605428",
        "sha256:1010042bfcac2b2dc6098260a2ed022968dbdfaf285fc65a3acf8e4eb1ffd1bc",
        "sha256:1d650812b52d98679ed6c6b3b55cbb8fe5a5460a0aef29aeb08dc0b44577df85",
        "sha256:20b8a746a026017acf07da39fdb10aa80ad9877046c9182442bf80c84a1c4696",
        "sha256:2403a6d6fb61c285969b71f4a3527873fe93fd0abe0832d858a17fe68c8fa507",
        "sha256:24f5c5ae618395ed871b3d8ebfcbb36e3f1091fd847bf54c4de623f9107942f3",
        "sha256:28d1af847786f68bec57961f31221125c29d6f52d9187c01cd34dc14e2b29430",
        "sha256:31499847fc5f73ee17dbe1b8e24c6dafc4e8d5b48803d17d22988976b0171f03",
        "sha256:31ba2cbc64516dcdd6c24418daa7abff989ddf3ba6d3ea6f6ce6f2ed6e754ec9",
        "sha256:330bff92c26d4aee79c5bc4d9967858bdbe73fdbdbacb5daf623a03a914fe05b",
        "sha256:5045ee1ccd45a89c4daec1160217d363fcd23811e26734688007c26f28c9e9e7",
        "sha256:52cbf2ff155b19dc4d4100f7442f6a697938bf4493f8d3b0c51d45568d5666b5",
        "sha256:530f278849031b0eb12f46cca0e5db01cfe5177ab13bd6878c6e739319bae654",
        "sha256:545bd39c9481f2e3f2727c78c169425efbfb3fbba6e7db4f46a80ebb249819ca",
        "sha256:5804e04feb4e61babf3911c2a974a5b86f66ee227cc5006230b00ac6d285b3a9",
        "sha256:5a58d0b12f5053e270510bf12f753a76aaf3d74c453c00942ed7d2c804ca845c",
        "sha256:5f148b0c6133fb928503cfcdfdba395010f997aa44bcf6474fcdd0c5398d9b63",
        "sha256:5f7d7d9afc7b293147e2d506a4596641d60181a35279ef3aa5778d0d9d9123fe",
        "sha256:60d2f60bd5a2a979df28ab309352cdcf8181bda0cca4529769a945f09aba06f9",
        "sha256:6259b511b0f2527e6d55ad87acc1c07b3cbffc3d5e050d7e7bcfa151b8202df9",
        "sha256:6268e27873a3d191849204d00d03f65c0e343b3bcb518a6eaae05677c95621d1",
        "sha256:627e79894770783c129cc5e89b947e52aa26e8e0557c7e205368a809da4b7939",
        "sha256:62f93eac69ec0f4be98d1b96f4d6b964855b8255c345c17ff12c20b93f247b68",
        "sha256:6d6483b1229470e1d8835e52e0ff3c6973b9b97b24cd1c116dca90b57a2cc613",
        "sha256:6f7b82934c08e28a2d537d870293236b1000d94d0b4583825ab9649aef7ddf63",
        "sha256:6fe4ef4402df0250b75ba876c3795510d782def5c1e63890bde02d622570d39e",
        "sha256:719544565c2937c21a6f76d520e6e52b726d132815adb3447ccffbe9f44203c4",
        "sha256:730766072fd5dcb219dd2b95c4c49752a54f00157f322bc6d71f7d2a31fecd79",
        "sha256:74eb65ec61e3c7c019d7169387d1b6ffcfea1b9ec5894d116a9a903636e4a0b1",
        "sha256:7993232bd4044392c47779a3c7e8889fea6883be46281d45a81451acfd704d7e",
        "sha256:80bbaddf2baab7e6de4bc47405e34948e694a9efe0861c61cdc23aa774fcb141",
        "sha256:86545e351e879d0b72b620db6a3b96346921fa87b3d366d6c074e5a9a0b8dadb",
        "sha256:891dc8f522d7059ff0024cd3ae79fd224752676447f9c678f2a5c14b84d9a939",
        "sha256:8a31f24e2a0b6317f33aafbb2f0895c0bce772980ae60c2c640d82caac49628a",
        "sha256:8b99ec73073b37f9ebe8caf399001848fced9c08064effdbfc4da2b5a8d07b93",
        "sha256:986b7a96228c9b4942ec420eff37556c5777bfba6758edcb95421e4a614b57f9",
        "sha256:a1547ff4b8a833511eeaceacbcd17b043214fcdb385148f9c1bc5556ca9623e2",
        "sha256:a2bfc7e2a0601b475477c954bf167dee6d0f55cb167e3f3e7cefad906e7759f6",
        "sha256:a3c5f1a719aa11866ffc530d54ad965063a8cbbecae6515acbd5f0fae8f48eaa",
        "sha256:a9f1c3489736ff8e1c7652e9dc39f80cff820f23624f23d9eab6e122ac99b150",
        "sha256:aa0cf4922da7a3c905d000b35065df6184c0dc1d866dd3b86fd961905bbad2ea",
        "sha256:ad4332a532e2d5acb231a2e5d33f943750091ee435daffca3fec0a53224e7e33",
        "sha256:b2582b238e1658c4061ebe1b4df53c435190d22457642377fd0cb30685cdfb76",
        "sha256:b6fc2e2fb6f532cf48b5fed57567ef286addcef38c28874458a41b7837a57807",
        "sha256:b92d40121dcbd74831b690a75533da703750f7041b4bf951befc657c37e5695a",
        "sha256:bbab6faf6568484707acc052f4dfc3802bdb0cafe079383fbaa23f1cdae9ecd4",
        "sha256:c0b88ed1ae66777a798dc54f627e32d3b81c8009967c63993c450ee4cbcbec15",
        "sha256:ce13d6291a5f47c1c8dbd375baa78551053bc6b5e5c0e9bb8e39c0a8359fd52f",
        "sha256:db3535733f59e5605a88a706824dfcb9bd06725e709ecb017e165fc1d6e7d429",
        "sha256:dd10383f1d6b7edf247d0960a3db274c07e96cf3a3fc7c41c8448f93eac3fb1c",
        "sha256:e01f9531ba5420838c801c21c1b0f45dbc9607cb22ea2cf132844453bec863a5",
        "sha256:e11527dc23d5ef44d76fef11213215c34f36af1608074561fcc561d983aeb870",
        "sha256:e1ab2fac607842ac36864e358c42feb0960ae62c34aa4caaf12ada0a1fb5d99b",
        "sha256:e1fd7d2fe11f1cb63d3336d147c852f6d07de0d0020d704c6031b46a30b02ca8",
        "sha256:e9f84ed9f4d50b74fbc77298ee5c870f67cb7e91dcdc1a6915cb1ff6a317476c",
        "sha256:ec4b4e75fc68da9dc0ed73dcdb431c25c57775383fec325d23a770a64e7ebc87",
        "sha256:f10ce66fcdeb3543df51d423ede7e238be98412232fca5daec3e54bcd16b8da0",
        "sha256:f63f62fc60e6228a4ca9abae28228f35e1bd3ce675013d1dfb828688d50c6e23",
        "sha256:fa56bb08b3dd8eac3a8c5b7d075c94e74f755fd9d8a04543ae8d37b1612dd170",
        "sha256:fa9b7c450be85bfc6cd39f6df8c5b8cbd76b5d6fc1f69efec80203f9894b885f"
      ],
      "markers": "python_version >= '2.7' and python_version not in '3.0, 3.1, 3.2, 3.3, 3.4'",
      "version": "==4.8.0"
    },
    "markupsafe": {
      "hashes": [
        "sha256:0212a68688482dc52b2d45013df70d169f542b7394fc744c02a57374a4207003",
        "sha256:089cf3dbf0cd6c100f02945abeb18484bd1ee57a079aefd52cffd17fba910b88",
        "sha256:10c1bfff05d95783da83491be968e8fe789263689c02724e0c691933c52994f5",
        "sha256:33b74d289bd2f5e527beadcaa3f401e0df0a89927c1559c8566c066fa4248ab7",
        "sha256:3799351e2336dc91ea70b034983ee71cf2f9533cdff7c14c90ea126bfd95d65a",
        "sha256:3ce11ee3f23f79dbd06fb3d63e2f6af7b12db1d46932fe7bd8afa259a5996603",
        "sha256:421be9fbf0ffe9ffd7a378aafebbf6f4602d564d34be190fc19a193232fd12b1",
        "sha256:43093fb83d8343aac0b1baa75516da6092f58f41200907ef92448ecab8825135",
        "sha256:46d00d6cfecdde84d40e572d63735ef81423ad31184100411e6e3388d405e247",
        "sha256:4a33dea2b688b3190ee12bd7cfa29d39c9ed176bda40bfa11099a3ce5d3a7ac6",
        "sha256:4b9fe39a2ccc108a4accc2676e77da025ce383c108593d65cc909add5c3bd601",
        "sha256:56442863ed2b06d19c37f94d999035e15ee982988920e12a5b4ba29b62ad1f77",
        "sha256:671cd1187ed5e62818414afe79ed29da836dde67166a9fac6d435873c44fdd02",
        "sha256:694deca8d702d5db21ec83983ce0bb4b26a578e71fbdbd4fdcd387daa90e4d5e",
        "sha256:6a074d34ee7a5ce3effbc526b7083ec9731bb3cbf921bbe1d3005d4d2bdb3a63",
        "sha256:6d0072fea50feec76a4c418096652f2c3238eaa014b2f94aeb1d56a66b41403f",
        "sha256:6fbf47b5d3728c6aea2abb0589b5d30459e369baa772e0f37a0320185e87c980",
        "sha256:7f91197cc9e48f989d12e4e6fbc46495c446636dfc81b9ccf50bb0ec74b91d4b",
        "sha256:86b1f75c4e7c2ac2ccdaec2b9022845dbb81880ca318bb7a0a01fbf7813e3812",
        "sha256:8dc1c72a69aa7e082593c4a203dcf94ddb74bb5c8a731e4e1eb68d031e8498ff",
        "sha256:8e3dcf21f367459434c18e71b2a9532d96547aef8a871872a5bd69a715c15f96",
        "sha256:8e576a51ad59e4bfaac456023a78f6b5e6e7651dcd383bcc3e18d06f9b55d6d1",
        "sha256:96e37a3dc86e80bf81758c152fe66dbf60ed5eca3d26305edf01892257049925",
        "sha256:97a68e6ada378df82bc9f16b800ab77cbf4b2fada0081794318520138c088e4a",
        "sha256:99a2a507ed3ac881b975a2976d59f38c19386d128e7a9a18b7df6fff1fd4c1d6",
        "sha256:a49907dd8420c5685cfa064a1335b6754b74541bbb3706c259c02ed65b644b3e",
        "sha256:b09bf97215625a311f669476f44b8b318b075847b49316d3e28c08e41a7a573f",
        "sha256:b7bd98b796e2b6553da7225aeb61f447f80a1ca64f41d83612e6139ca5213aa4",
        "sha256:b87db4360013327109564f0e591bd2a3b318547bcef31b468a92ee504d07ae4f",
        "sha256:bcb3ed405ed3222f9904899563d6fc492ff75cce56cba05e32eff40e6acbeaa3",
        "sha256:d4306c36ca495956b6d568d276ac11fdd9c30a36f1b6eb928070dc5360b22e1c",
        "sha256:d5ee4f386140395a2c818d149221149c54849dfcfcb9f1debfe07a8b8bd63f9a",
        "sha256:dda30ba7e87fbbb7eab1ec9f58678558fd9a6b8b853530e176eabd064da81417",
        "sha256:e04e26803c9c3851c931eac40c695602c6295b8d432cbe78609649ad9bd2da8a",
        "sha256:e1c0b87e09fa55a220f058d1d49d3fb8df88fbfab58558f1198e08c1e1de842a",
        "sha256:e72591e9ecd94d7feb70c1cbd7be7b3ebea3f548870aa91e2732960fa4d57a37",
        "sha256:e8c843bbcda3a2f1e3c2ab25913c80a3c5376cd00c6e8c4a86a89a28c8dc5452",
        "sha256:efc1913fd2ca4f334418481c7e595c00aad186563bbc1ec76067848c7ca0a933",
        "sha256:f121a1420d4e173a5d96e47e9a0c0dcff965afdf1626d28de1460815f7c4ee7a",
        "sha256:fc7b548b17d238737688817ab67deebb30e8073c95749d55538ed473130ec0c7"
      ],
      "markers": "python_version >= '3.7'",
      "version": "==2.1.1"
    },
    "ninja": {
      "hashes": [
        "sha256:0560eea57199e41e86ac2c1af0108b63ae77c3ca4d05a9425a750e908135935a",
        "sha256:21a1d84d4c7df5881bfd86c25cce4cf7af44ba2b8b255c57bc1c434ec30a2dfc",
        "sha256:279836285975e3519392c93c26e75755e8a8a7fafec9f4ecbb0293119ee0f9c6",
        "sha256:29570a18d697fc84d361e7e6330f0021f34603ae0fcb0ef67ae781e9814aae8d",
        "sha256:5ea785bf6a15727040835256577239fa3cf5da0d60e618c307aa5efc31a1f0ce",
        "sha256:688167841b088b6802e006f911d911ffa925e078c73e8ef2f88286107d3204f8",
        "sha256:6bd76a025f26b9ae507cf8b2b01bb25bb0031df54ed685d85fc559c411c86cf4",
        "sha256:740d61fefb4ca13573704ee8fe89b973d40b8dc2a51aaa4e9e68367233743bb6",
        "sha256:840a0b042d43a8552c4004966e18271ec726e5996578f28345d9ce78e225b67e",
        "sha256:84be6f9ec49f635dc40d4b871319a49fa49b8d55f1d9eae7cd50d8e57ddf7a85",
        "sha256:9ca8dbece144366d5f575ffc657af03eb11c58251268405bc8519d11cf42f113",
        "sha256:cc8b31b5509a2129e4d12a35fc21238c157038022560aaf22e49ef0a77039086",
        "sha256:d5e0275d28997a750a4f445c00bdd357b35cc334c13cdff13edf30e544704fbd",
        "sha256:e1b86ad50d4e681a7dbdff05fc23bb52cb773edb90bc428efba33fa027738408"
      ],
      "index": "pypi",
      "version": "==1.10.2.3"
    },
    "node-semver": {
      "hashes": [
        "sha256:4016f7c1071b0493f18db69ea02d3763e98a633606d7c7beca811e53b5ac66b7",
        "sha256:d4bf83873894591a0cbb6591910d96917fbadc9731e8e39e782d3a2fbc2b841e"
      ],
      "version": "==0.6.1"
    },
    "nodeenv": {
      "hashes": [
        "sha256:3ef13ff90291ba2a4a7a4ff9a979b63ffdd00a464dbe04acf0ea6471517a4c2b",
        "sha256:621e6b7076565ddcacd2db0294c0381e01fd28945ab36bcf00f41c5daf63bef7"
      ],
      "version": "==1.6.0"
    },
    "patch-ng": {
      "hashes": [
        "sha256:627abc5bd723c8b481e96849b9734b10065426224d4d22cd44137004ac0d4ace"
      ],
      "version": "==1.17.4"
    },
    "platformdirs": {
      "hashes": [
        "sha256:027d8e83a2d7de06bbac4e5ef7e023c02b863d7ea5d079477e722bb41ab25788",
        "sha256:58c8abb07dcb441e6ee4b11d8df0ac856038f944ab98b7be6b27b2a3c7feef19"
      ],
      "markers": "python_version >= '3.7'",
      "version": "==2.5.2"
    },
    "pluginbase": {
      "hashes": [
        "sha256:ff6c33a98fce232e9c73841d787a643de574937069f0d18147028d70d7dee287"
      ],
      "version": "==1.0.1"
    },
    "pre-commit": {
      "hashes": [
        "sha256:02226e69564ebca1a070bd1f046af866aa1c318dbc430027c50ab832ed2b73f2",
        "sha256:5d445ee1fa8738d506881c5d84f83c62bb5be6b2838e32207433647e8e5ebe10"
      ],
      "index": "pypi",
      "version": "==2.18.1"
    },
    "pygments": {
      "hashes": [
        "sha256:44238f1b60a76d78fc8ca0528ee429702aae011c265fe6a8dd8b63049ae41c65",
        "sha256:4e426f72023d88d03b2fa258de560726ce890ff3b630f88c21cbb8b2503b8c6a"
      ],
      "markers": "python_version >= '3.5'",
      "version": "==2.11.2"
    },
    "pyjwt": {
      "hashes": [
        "sha256:5c6eca3c2940464d106b99ba83b00c6add741c9becaec087fb7ccdefea71350e",
        "sha256:8d59a976fb773f3e6a39c85636357c4f0e242707394cadadd9814f5cbaa20e96"
      ],
      "version": "==1.7.1"
    },
    "python-dateutil": {
      "hashes": [
        "sha256:0123cacc1627ae19ddf3c27a5de5bd67ee4586fbdd6440d9748f8abb483d3e86",
        "sha256:961d03dc3453ebbc59dbdea9e4e11c5651520a876d0f4db161e8674aae935da9"
      ],
      "markers": "python_version >= '2.7' and python_version not in '3.0, 3.1, 3.2, 3.3'",
      "version": "==2.8.2"
    },
    "pyyaml": {
      "hashes": [
        "sha256:08682f6b72c722394747bddaf0aa62277e02557c0fd1c42cb853016a38f8dedf",
        "sha256:0f5f5786c0e09baddcd8b4b45f20a7b5d61a7e7e99846e3c799b05c7c53fa696",
        "sha256:129def1b7c1bf22faffd67b8f3724645203b79d8f4cc81f674654d9902cb4393",
        "sha256:294db365efa064d00b8d1ef65d8ea2c3426ac366c0c4368d930bf1c5fb497f77",
        "sha256:3b2b1824fe7112845700f815ff6a489360226a5609b96ec2190a45e62a9fc922",
        "sha256:3bd0e463264cf257d1ffd2e40223b197271046d09dadf73a0fe82b9c1fc385a5",
        "sha256:4465124ef1b18d9ace298060f4eccc64b0850899ac4ac53294547536533800c8",
        "sha256:49d4cdd9065b9b6e206d0595fee27a96b5dd22618e7520c33204a4a3239d5b10",
        "sha256:4e0583d24c881e14342eaf4ec5fbc97f934b999a6828693a99157fde912540cc",
        "sha256:5accb17103e43963b80e6f837831f38d314a0495500067cb25afab2e8d7a4018",
        "sha256:607774cbba28732bfa802b54baa7484215f530991055bb562efbed5b2f20a45e",
        "sha256:6c78645d400265a062508ae399b60b8c167bf003db364ecb26dcab2bda048253",
        "sha256:72a01f726a9c7851ca9bfad6fd09ca4e090a023c00945ea05ba1638c09dc3347",
        "sha256:74c1485f7707cf707a7aef42ef6322b8f97921bd89be2ab6317fd782c2d53183",
        "sha256:895f61ef02e8fed38159bb70f7e100e00f471eae2bc838cd0f4ebb21e28f8541",
        "sha256:8c1be557ee92a20f184922c7b6424e8ab6691788e6d86137c5d93c1a6ec1b8fb",
        "sha256:bb4191dfc9306777bc594117aee052446b3fa88737cd13b7188d0e7aa8162185",
        "sha256:bfb51918d4ff3d77c1c856a9699f8492c612cde32fd3bcd344af9be34999bfdc",
        "sha256:c20cfa2d49991c8b4147af39859b167664f2ad4561704ee74c1de03318e898db",
        "sha256:cb333c16912324fd5f769fff6bc5de372e9e7a202247b48870bc251ed40239aa",
        "sha256:d2d9808ea7b4af864f35ea216be506ecec180628aced0704e34aca0b040ffe46",
        "sha256:d483ad4e639292c90170eb6f7783ad19490e7a8defb3e46f97dfe4bacae89122",
        "sha256:dd5de0646207f053eb0d6c74ae45ba98c3395a571a2891858e87df7c9b9bd51b",
        "sha256:e1d4970ea66be07ae37a3c2e48b5ec63f7ba6804bdddfdbd3cfd954d25a82e63",
        "sha256:e4fac90784481d221a8e4b1162afa7c47ed953be40d31ab4629ae917510051df",
        "sha256:fa5ae20527d8e831e8230cbffd9f8fe952815b2b7dae6ffec25318803a7528fc",
        "sha256:fd7f6999a8070df521b6384004ef42833b9bd62cfee11a09bda1079b4b704247",
        "sha256:fdc842473cd33f45ff6bce46aea678a54e3d21f1b61a7750ce3c498eedfe25d6",
        "sha256:fe69978f3f768926cfa37b867e3843918e012cf83f680806599ddce33c2c68b0"
      ],
      "markers": "python_version >= '2.7' and python_version not in '3.0, 3.1, 3.2, 3.3, 3.4, 3.5'",
      "version": "==5.4.1"
    },
    "requests": {
      "hashes": [
        "sha256:68d7c56fd5a8999887728ef304a6d12edc7be74f1cfa47714fc8b414525c9a61",
        "sha256:f22fa1e554c9ddfd16e6e41ac79759e17be9e492b3587efa038054674760e72d"
      ],
      "markers": "python_version >= '2.7' and python_version not in '3.0, 3.1, 3.2, 3.3, 3.4, 3.5'",
      "version": "==2.27.1"
    },
    "six": {
      "hashes": [
        "sha256:1e61c37477a1626458e36f7b1d82aa5c9b094fa4802892072e49de9c60c4c926",
        "sha256:8abb2f1d86890a2dfb989f9a77cfcfd3e47c2a354b01111771326f8aa26e0254"
      ],
      "markers": "python_version >= '2.7' and python_version not in '3.0, 3.1, 3.2, 3.3'",
      "version": "==1.16.0"
    },
    "toml": {
      "hashes": [
        "sha256:806143ae5bfb6a3c6e736a764057db0e6a0e05e338b5630894a5f779cabb4f9b",
        "sha256:b3bda1d108d5dd99f4a20d24d9c348e91c4db7ab1b749200bded2f839ccbe68f"
      ],
      "markers": "python_version >= '2.6' and python_version not in '3.0, 3.1, 3.2, 3.3'",
      "version": "==0.10.2"
    },
    "tqdm": {
      "hashes": [
        "sha256:40be55d30e200777a307a7585aee69e4eabb46b4ec6a4b4a5f2d9f11e7d5408d",
        "sha256:74a2cdefe14d11442cedf3ba4e21a3b84ff9a2dbdc6cfae2c34addb2a14a5ea6"
      ],
      "markers": "python_version >= '2.7' and python_version not in '3.0, 3.1, 3.2, 3.3'",
      "version": "==4.64.0"
    },
    "urllib3": {
      "hashes": [
        "sha256:44ece4d53fb1706f667c9bd1c648f5469a2ec925fcf3a776667042d645472c14",
        "sha256:aabaf16477806a5e1dd19aa41f8c2b7950dd3c746362d7e3223dbe6de6ac448e"
      ],
      "markers": "python_version >= '2.7' and python_version not in '3.0, 3.1, 3.2, 3.3, 3.4' and python_version < '4'",
      "version": "==1.26.9"
    },
    "virtualenv": {
      "hashes": [
        "sha256:e617f16e25b42eb4f6e74096b9c9e37713cf10bf30168fb4a739f3fa8f898a3a",
        "sha256:ef589a79795589aada0c1c5b319486797c03b67ac3984c48c669c0e4f50df3a5"
      ],
      "markers": "python_version >= '2.7' and python_version not in '3.0, 3.1, 3.2, 3.3, 3.4'",
      "version": "==20.14.1"
    }
  }
}
